// !$*UTF8*$!
{
	archiveVersion = 1;
	classes = {
	};
	objectVersion = 46;
	objects = {

/* Begin PBXBuildFile section */
		7F36E6E61EE880AF00416A9D /* BridgeViewController.m in Sources */ = {isa = PBXBuildFile; fileRef = 7F36E6E51EE880AF00416A9D /* BridgeViewController.m */; };
		BC589B031EE87CB8006B3F7F /* LoginViewController.swift in Sources */ = {isa = PBXBuildFile; fileRef = BC589B021EE87CB8006B3F7F /* LoginViewController.swift */; };
		BC589B051EE87CC4006B3F7F /* InputViewController.swift in Sources */ = {isa = PBXBuildFile; fileRef = BC589B041EE87CC4006B3F7F /* InputViewController.swift */; };
		BC589B071EE87CD4006B3F7F /* PlaylistViewController.swift in Sources */ = {isa = PBXBuildFile; fileRef = BC589B061EE87CD4006B3F7F /* PlaylistViewController.swift */; };
		BC589B091EE88ECF006B3F7F /* Artist.swift in Sources */ = {isa = PBXBuildFile; fileRef = BC589B081EE88ECF006B3F7F /* Artist.swift */; };
		BC589B0D1EE8974A006B3F7F /* Track.swift in Sources */ = {isa = PBXBuildFile; fileRef = BC589B0C1EE8974A006B3F7F /* Track.swift */; };
		BC589B101EE89DF2006B3F7F /* PlaylistTableViewCell.swift in Sources */ = {isa = PBXBuildFile; fileRef = BC589B0E1EE89DF2006B3F7F /* PlaylistTableViewCell.swift */; };
		BC589B111EE89DF2006B3F7F /* PlaylistTableViewCell.xib in Resources */ = {isa = PBXBuildFile; fileRef = BC589B0F1EE89DF2006B3F7F /* PlaylistTableViewCell.xib */; };
		BC589B131EE8A742006B3F7F /* UIExtensions.swift in Sources */ = {isa = PBXBuildFile; fileRef = BC589B121EE8A742006B3F7F /* UIExtensions.swift */; };
		BC92BEDF1EE72D2D00F06EDA /* AppDelegate.swift in Sources */ = {isa = PBXBuildFile; fileRef = BC92BEDE1EE72D2D00F06EDA /* AppDelegate.swift */; };
		BC92BEE11EE72D2D00F06EDA /* ViewController.swift in Sources */ = {isa = PBXBuildFile; fileRef = BC92BEE01EE72D2D00F06EDA /* ViewController.swift */; };
		BC92BEE41EE72D2D00F06EDA /* Main.storyboard in Resources */ = {isa = PBXBuildFile; fileRef = BC92BEE21EE72D2D00F06EDA /* Main.storyboard */; };
		BC92BEE61EE72D2D00F06EDA /* Assets.xcassets in Resources */ = {isa = PBXBuildFile; fileRef = BC92BEE51EE72D2D00F06EDA /* Assets.xcassets */; };
		BC92BEE91EE72D2D00F06EDA /* LaunchScreen.storyboard in Resources */ = {isa = PBXBuildFile; fileRef = BC92BEE71EE72D2D00F06EDA /* LaunchScreen.storyboard */; };
		BC92BEF91EE72F6100F06EDA /* SpotifyAudioPlayback.framework in Frameworks */ = {isa = PBXBuildFile; fileRef = BC92BEF71EE72F6100F06EDA /* SpotifyAudioPlayback.framework */; };
		BC92BEFA1EE72F6100F06EDA /* SpotifyAuthentication.framework in Frameworks */ = {isa = PBXBuildFile; fileRef = BC92BEF81EE72F6100F06EDA /* SpotifyAuthentication.framework */; };
		BCABF0981EF3150B008BF53E /* FoundationExtensions.swift in Sources */ = {isa = PBXBuildFile; fileRef = BCABF0971EF3150B008BF53E /* FoundationExtensions.swift */; };
		BCCA29411EE7362300569A42 /* API.swift in Sources */ = {isa = PBXBuildFile; fileRef = BCCA29401EE7362300569A42 /* API.swift */; };
/* End PBXBuildFile section */

/* Begin PBXFileReference section */
		7F36E6E31EE880AF00416A9D /* TheTuneSquad-Bridging-Header.h */ = {isa = PBXFileReference; lastKnownFileType = sourcecode.c.h; path = "TheTuneSquad-Bridging-Header.h"; sourceTree = "<group>"; };
		7F36E6E41EE880AF00416A9D /* BridgeViewController.h */ = {isa = PBXFileReference; fileEncoding = 4; lastKnownFileType = sourcecode.c.h; path = BridgeViewController.h; sourceTree = "<group>"; };
		7F36E6E51EE880AF00416A9D /* BridgeViewController.m */ = {isa = PBXFileReference; fileEncoding = 4; lastKnownFileType = sourcecode.c.objc; path = BridgeViewController.m; sourceTree = "<group>"; };
		BC589B021EE87CB8006B3F7F /* LoginViewController.swift */ = {isa = PBXFileReference; fileEncoding = 4; lastKnownFileType = sourcecode.swift; path = LoginViewController.swift; sourceTree = "<group>"; };
		BC589B041EE87CC4006B3F7F /* InputViewController.swift */ = {isa = PBXFileReference; fileEncoding = 4; lastKnownFileType = sourcecode.swift; path = InputViewController.swift; sourceTree = "<group>"; };
		BC589B061EE87CD4006B3F7F /* PlaylistViewController.swift */ = {isa = PBXFileReference; fileEncoding = 4; lastKnownFileType = sourcecode.swift; path = PlaylistViewController.swift; sourceTree = "<group>"; };
		BC589B081EE88ECF006B3F7F /* Artist.swift */ = {isa = PBXFileReference; fileEncoding = 4; lastKnownFileType = sourcecode.swift; path = Artist.swift; sourceTree = "<group>"; };
		BC589B0C1EE8974A006B3F7F /* Track.swift */ = {isa = PBXFileReference; fileEncoding = 4; lastKnownFileType = sourcecode.swift; path = Track.swift; sourceTree = "<group>"; };
		BC589B0E1EE89DF2006B3F7F /* PlaylistTableViewCell.swift */ = {isa = PBXFileReference; fileEncoding = 4; lastKnownFileType = sourcecode.swift; path = PlaylistTableViewCell.swift; sourceTree = "<group>"; };
		BC589B0F1EE89DF2006B3F7F /* PlaylistTableViewCell.xib */ = {isa = PBXFileReference; fileEncoding = 4; lastKnownFileType = file.xib; path = PlaylistTableViewCell.xib; sourceTree = "<group>"; };
		BC589B121EE8A742006B3F7F /* UIExtensions.swift */ = {isa = PBXFileReference; fileEncoding = 4; lastKnownFileType = sourcecode.swift; path = UIExtensions.swift; sourceTree = "<group>"; };
		BC92BEDB1EE72D2D00F06EDA /* TheTuneSquad.app */ = {isa = PBXFileReference; explicitFileType = wrapper.application; includeInIndex = 0; path = TheTuneSquad.app; sourceTree = BUILT_PRODUCTS_DIR; };
		BC92BEDE1EE72D2D00F06EDA /* AppDelegate.swift */ = {isa = PBXFileReference; lastKnownFileType = sourcecode.swift; path = AppDelegate.swift; sourceTree = "<group>"; };
		BC92BEE01EE72D2D00F06EDA /* ViewController.swift */ = {isa = PBXFileReference; lastKnownFileType = sourcecode.swift; path = ViewController.swift; sourceTree = "<group>"; };
		BC92BEE31EE72D2D00F06EDA /* Base */ = {isa = PBXFileReference; lastKnownFileType = file.storyboard; name = Base; path = Base.lproj/Main.storyboard; sourceTree = "<group>"; };
		BC92BEE51EE72D2D00F06EDA /* Assets.xcassets */ = {isa = PBXFileReference; lastKnownFileType = folder.assetcatalog; path = Assets.xcassets; sourceTree = "<group>"; };
		BC92BEE81EE72D2D00F06EDA /* Base */ = {isa = PBXFileReference; lastKnownFileType = file.storyboard; name = Base; path = Base.lproj/LaunchScreen.storyboard; sourceTree = "<group>"; };
		BC92BEEA1EE72D2D00F06EDA /* Info.plist */ = {isa = PBXFileReference; lastKnownFileType = text.plist.xml; path = Info.plist; sourceTree = "<group>"; };
		BC92BEF71EE72F6100F06EDA /* SpotifyAudioPlayback.framework */ = {isa = PBXFileReference; lastKnownFileType = wrapper.framework; path = SpotifyAudioPlayback.framework; sourceTree = "<group>"; };
		BC92BEF81EE72F6100F06EDA /* SpotifyAuthentication.framework */ = {isa = PBXFileReference; lastKnownFileType = wrapper.framework; path = SpotifyAuthentication.framework; sourceTree = "<group>"; };
		BCABF0971EF3150B008BF53E /* FoundationExtensions.swift */ = {isa = PBXFileReference; fileEncoding = 4; lastKnownFileType = sourcecode.swift; path = FoundationExtensions.swift; sourceTree = "<group>"; };
		BCCA29401EE7362300569A42 /* API.swift */ = {isa = PBXFileReference; fileEncoding = 4; lastKnownFileType = sourcecode.swift; path = API.swift; sourceTree = "<group>"; };
/* End PBXFileReference section */

/* Begin PBXFrameworksBuildPhase section */
		BC92BED81EE72D2D00F06EDA /* Frameworks */ = {
			isa = PBXFrameworksBuildPhase;
			buildActionMask = 2147483647;
			files = (
				BC92BEF91EE72F6100F06EDA /* SpotifyAudioPlayback.framework in Frameworks */,
				BC92BEFA1EE72F6100F06EDA /* SpotifyAuthentication.framework in Frameworks */,
			);
			runOnlyForDeploymentPostprocessing = 0;
		};
/* End PBXFrameworksBuildPhase section */

/* Begin PBXGroup section */
		BC92BED21EE72D2D00F06EDA = {
			isa = PBXGroup;
			children = (
				7F36E6E41EE880AF00416A9D /* BridgeViewController.h */,
				7F36E6E51EE880AF00416A9D /* BridgeViewController.m */,
				7F36E6E31EE880AF00416A9D /* TheTuneSquad-Bridging-Header.h */,
				BC92BEDD1EE72D2D00F06EDA /* TheTuneSquad */,
				BC92BEDC1EE72D2D00F06EDA /* Products */,
				BC92BEF01EE72E6D00F06EDA /* Frameworks */,
			);
			sourceTree = "<group>";
		};
		BC92BEDC1EE72D2D00F06EDA /* Products */ = {
			isa = PBXGroup;
			children = (
				BC92BEDB1EE72D2D00F06EDA /* TheTuneSquad.app */,
			);
			name = Products;
			sourceTree = "<group>";
		};
		BC92BEDD1EE72D2D00F06EDA /* TheTuneSquad */ = {
			isa = PBXGroup;
			children = (
				BCCA29421EE7362C00569A42 /* model */,
				BCCA29431EE7363300569A42 /* view */,
				BCCA29441EE7363C00569A42 /* controller */,
				BCCA29451EE7364B00569A42 /* supporting */,
			);
			path = TheTuneSquad;
			sourceTree = "<group>";
		};
		BC92BEF01EE72E6D00F06EDA /* Frameworks */ = {
			isa = PBXGroup;
			children = (
				BC92BEF71EE72F6100F06EDA /* SpotifyAudioPlayback.framework */,
				BC92BEF81EE72F6100F06EDA /* SpotifyAuthentication.framework */,
			);
			name = Frameworks;
			sourceTree = "<group>";
		};
		BCCA29421EE7362C00569A42 /* model */ = {
			isa = PBXGroup;
			children = (
				BC589B121EE8A742006B3F7F /* UIExtensions.swift */,
				BCABF0971EF3150B008BF53E /* FoundationExtensions.swift */,
				BC589B0C1EE8974A006B3F7F /* Track.swift */,
				BCCA29401EE7362300569A42 /* API.swift */,
				BC589B081EE88ECF006B3F7F /* Artist.swift */,
			);
			name = model;
			sourceTree = "<group>";
		};
		BCCA29431EE7363300569A42 /* view */ = {
			isa = PBXGroup;
			children = (
				BC589B0E1EE89DF2006B3F7F /* PlaylistTableViewCell.swift */,
				BC589B0F1EE89DF2006B3F7F /* PlaylistTableViewCell.xib */,
				BC92BEE21EE72D2D00F06EDA /* Main.storyboard */,
			);
			name = view;
			sourceTree = "<group>";
		};
		BCCA29441EE7363C00569A42 /* controller */ = {
			isa = PBXGroup;
			children = (
				BC589B021EE87CB8006B3F7F /* LoginViewController.swift */,
				BC589B041EE87CC4006B3F7F /* InputViewController.swift */,
				BC589B061EE87CD4006B3F7F /* PlaylistViewController.swift */,
				BC92BEE01EE72D2D00F06EDA /* ViewController.swift */,
			);
			name = controller;
			sourceTree = "<group>";
		};
		BCCA29451EE7364B00569A42 /* supporting */ = {
			isa = PBXGroup;
			children = (
				BC92BEDE1EE72D2D00F06EDA /* AppDelegate.swift */,
				BC92BEE51EE72D2D00F06EDA /* Assets.xcassets */,
				BC92BEE71EE72D2D00F06EDA /* LaunchScreen.storyboard */,
				BC92BEEA1EE72D2D00F06EDA /* Info.plist */,
			);
			name = supporting;
			sourceTree = "<group>";
		};
/* End PBXGroup section */

/* Begin PBXNativeTarget section */
		BC92BEDA1EE72D2D00F06EDA /* TheTuneSquad */ = {
			isa = PBXNativeTarget;
			buildConfigurationList = BC92BEED1EE72D2D00F06EDA /* Build configuration list for PBXNativeTarget "TheTuneSquad" */;
			buildPhases = (
				BC92BED71EE72D2D00F06EDA /* Sources */,
				BC92BED81EE72D2D00F06EDA /* Frameworks */,
				BC92BED91EE72D2D00F06EDA /* Resources */,
			);
			buildRules = (
			);
			dependencies = (
			);
			name = TheTuneSquad;
			productName = TheTuneSquad;
			productReference = BC92BEDB1EE72D2D00F06EDA /* TheTuneSquad.app */;
			productType = "com.apple.product-type.application";
		};
/* End PBXNativeTarget section */

/* Begin PBXProject section */
		BC92BED31EE72D2D00F06EDA /* Project object */ = {
			isa = PBXProject;
			attributes = {
				LastSwiftUpdateCheck = 0830;
				LastUpgradeCheck = 0830;
				ORGANIZATIONNAME = "Christina Lee";
				TargetAttributes = {
					BC92BEDA1EE72D2D00F06EDA = {
						CreatedOnToolsVersion = 8.3.2;
						DevelopmentTeam = JW369YLHP8;
						LastSwiftMigration = 0830;
						ProvisioningStyle = Automatic;
					};
				};
			};
			buildConfigurationList = BC92BED61EE72D2D00F06EDA /* Build configuration list for PBXProject "TheTuneSquad" */;
			compatibilityVersion = "Xcode 3.2";
			developmentRegion = English;
			hasScannedForEncodings = 0;
			knownRegions = (
				en,
				Base,
			);
			mainGroup = BC92BED21EE72D2D00F06EDA;
			productRefGroup = BC92BEDC1EE72D2D00F06EDA /* Products */;
			projectDirPath = "";
			projectRoot = "";
			targets = (
				BC92BEDA1EE72D2D00F06EDA /* TheTuneSquad */,
			);
		};
/* End PBXProject section */

/* Begin PBXResourcesBuildPhase section */
		BC92BED91EE72D2D00F06EDA /* Resources */ = {
			isa = PBXResourcesBuildPhase;
			buildActionMask = 2147483647;
			files = (
				BC92BEE91EE72D2D00F06EDA /* LaunchScreen.storyboard in Resources */,
				BC92BEE61EE72D2D00F06EDA /* Assets.xcassets in Resources */,
				BC92BEE41EE72D2D00F06EDA /* Main.storyboard in Resources */,
				BC589B111EE89DF2006B3F7F /* PlaylistTableViewCell.xib in Resources */,
			);
			runOnlyForDeploymentPostprocessing = 0;
		};
/* End PBXResourcesBuildPhase section */

/* Begin PBXSourcesBuildPhase section */
		BC92BED71EE72D2D00F06EDA /* Sources */ = {
			isa = PBXSourcesBuildPhase;
			buildActionMask = 2147483647;
			files = (
				BC589B031EE87CB8006B3F7F /* LoginViewController.swift in Sources */,
				BC589B051EE87CC4006B3F7F /* InputViewController.swift in Sources */,
				BC589B071EE87CD4006B3F7F /* PlaylistViewController.swift in Sources */,
				BC589B131EE8A742006B3F7F /* UIExtensions.swift in Sources */,
				BC589B0D1EE8974A006B3F7F /* Track.swift in Sources */,
				7F36E6E61EE880AF00416A9D /* BridgeViewController.m in Sources */,
				BC92BEE11EE72D2D00F06EDA /* ViewController.swift in Sources */,
				BCCA29411EE7362300569A42 /* API.swift in Sources */,
				BCABF0981EF3150B008BF53E /* FoundationExtensions.swift in Sources */,
				BC92BEDF1EE72D2D00F06EDA /* AppDelegate.swift in Sources */,
				BC589B091EE88ECF006B3F7F /* Artist.swift in Sources */,
				BC589B101EE89DF2006B3F7F /* PlaylistTableViewCell.swift in Sources */,
			);
			runOnlyForDeploymentPostprocessing = 0;
		};
/* End PBXSourcesBuildPhase section */

/* Begin PBXVariantGroup section */
		BC92BEE21EE72D2D00F06EDA /* Main.storyboard */ = {
			isa = PBXVariantGroup;
			children = (
				BC92BEE31EE72D2D00F06EDA /* Base */,
			);
			name = Main.storyboard;
			sourceTree = "<group>";
		};
		BC92BEE71EE72D2D00F06EDA /* LaunchScreen.storyboard */ = {
			isa = PBXVariantGroup;
			children = (
				BC92BEE81EE72D2D00F06EDA /* Base */,
			);
			name = LaunchScreen.storyboard;
			sourceTree = "<group>";
		};
/* End PBXVariantGroup section */

/* Begin XCBuildConfiguration section */
		BC92BEEB1EE72D2D00F06EDA /* Debug */ = {
			isa = XCBuildConfiguration;
			buildSettings = {
				ALWAYS_SEARCH_USER_PATHS = NO;
				CLANG_ANALYZER_NONNULL = YES;
				CLANG_ANALYZER_NUMBER_OBJECT_CONVERSION = YES_AGGRESSIVE;
				CLANG_CXX_LANGUAGE_STANDARD = "gnu++0x";
				CLANG_CXX_LIBRARY = "libc++";
				CLANG_ENABLE_MODULES = YES;
				CLANG_ENABLE_OBJC_ARC = YES;
				CLANG_WARN_BOOL_CONVERSION = YES;
				CLANG_WARN_CONSTANT_CONVERSION = YES;
				CLANG_WARN_DIRECT_OBJC_ISA_USAGE = YES_ERROR;
				CLANG_WARN_DOCUMENTATION_COMMENTS = YES;
				CLANG_WARN_EMPTY_BODY = YES;
				CLANG_WARN_ENUM_CONVERSION = YES;
				CLANG_WARN_INFINITE_RECURSION = YES;
				CLANG_WARN_INT_CONVERSION = YES;
				CLANG_WARN_OBJC_ROOT_CLASS = YES_ERROR;
				CLANG_WARN_SUSPICIOUS_MOVE = YES;
				CLANG_WARN_UNREACHABLE_CODE = YES;
				CLANG_WARN__DUPLICATE_METHOD_MATCH = YES;
				"CODE_SIGN_IDENTITY[sdk=iphoneos*]" = "iPhone Developer";
				COPY_PHASE_STRIP = NO;
				DEBUG_INFORMATION_FORMAT = dwarf;
				ENABLE_STRICT_OBJC_MSGSEND = YES;
				ENABLE_TESTABILITY = YES;
				GCC_C_LANGUAGE_STANDARD = gnu99;
				GCC_DYNAMIC_NO_PIC = NO;
				GCC_NO_COMMON_BLOCKS = YES;
				GCC_OPTIMIZATION_LEVEL = 0;
				GCC_PREPROCESSOR_DEFINITIONS = (
					"DEBUG=1",
					"$(inherited)",
				);
				GCC_WARN_64_TO_32_BIT_CONVERSION = YES;
				GCC_WARN_ABOUT_RETURN_TYPE = YES_ERROR;
				GCC_WARN_UNDECLARED_SELECTOR = YES;
				GCC_WARN_UNINITIALIZED_AUTOS = YES_AGGRESSIVE;
				GCC_WARN_UNUSED_FUNCTION = YES;
				GCC_WARN_UNUSED_VARIABLE = YES;
				IPHONEOS_DEPLOYMENT_TARGET = 10.3;
				MTL_ENABLE_DEBUG_INFO = YES;
				ONLY_ACTIVE_ARCH = YES;
				SDKROOT = iphoneos;
				SWIFT_ACTIVE_COMPILATION_CONDITIONS = DEBUG;
				SWIFT_OPTIMIZATION_LEVEL = "-Onone";
				TARGETED_DEVICE_FAMILY = "1,2";
			};
			name = Debug;
		};
		BC92BEEC1EE72D2D00F06EDA /* Release */ = {
			isa = XCBuildConfiguration;
			buildSettings = {
				ALWAYS_SEARCH_USER_PATHS = NO;
				CLANG_ANALYZER_NONNULL = YES;
				CLANG_ANALYZER_NUMBER_OBJECT_CONVERSION = YES_AGGRESSIVE;
				CLANG_CXX_LANGUAGE_STANDARD = "gnu++0x";
				CLANG_CXX_LIBRARY = "libc++";
				CLANG_ENABLE_MODULES = YES;
				CLANG_ENABLE_OBJC_ARC = YES;
				CLANG_WARN_BOOL_CONVERSION = YES;
				CLANG_WARN_CONSTANT_CONVERSION = YES;
				CLANG_WARN_DIRECT_OBJC_ISA_USAGE = YES_ERROR;
				CLANG_WARN_DOCUMENTATION_COMMENTS = YES;
				CLANG_WARN_EMPTY_BODY = YES;
				CLANG_WARN_ENUM_CONVERSION = YES;
				CLANG_WARN_INFINITE_RECURSION = YES;
				CLANG_WARN_INT_CONVERSION = YES;
				CLANG_WARN_OBJC_ROOT_CLASS = YES_ERROR;
				CLANG_WARN_SUSPICIOUS_MOVE = YES;
				CLANG_WARN_UNREACHABLE_CODE = YES;
				CLANG_WARN__DUPLICATE_METHOD_MATCH = YES;
				"CODE_SIGN_IDENTITY[sdk=iphoneos*]" = "iPhone Developer";
				COPY_PHASE_STRIP = NO;
				DEBUG_INFORMATION_FORMAT = "dwarf-with-dsym";
				ENABLE_NS_ASSERTIONS = NO;
				ENABLE_STRICT_OBJC_MSGSEND = YES;
				GCC_C_LANGUAGE_STANDARD = gnu99;
				GCC_NO_COMMON_BLOCKS = YES;
				GCC_WARN_64_TO_32_BIT_CONVERSION = YES;
				GCC_WARN_ABOUT_RETURN_TYPE = YES_ERROR;
				GCC_WARN_UNDECLARED_SELECTOR = YES;
				GCC_WARN_UNINITIALIZED_AUTOS = YES_AGGRESSIVE;
				GCC_WARN_UNUSED_FUNCTION = YES;
				GCC_WARN_UNUSED_VARIABLE = YES;
				IPHONEOS_DEPLOYMENT_TARGET = 10.3;
				MTL_ENABLE_DEBUG_INFO = NO;
				SDKROOT = iphoneos;
				SWIFT_OPTIMIZATION_LEVEL = "-Owholemodule";
				TARGETED_DEVICE_FAMILY = "1,2";
				VALIDATE_PRODUCT = YES;
			};
			name = Release;
		};
		BC92BEEE1EE72D2D00F06EDA /* Debug */ = {
			isa = XCBuildConfiguration;
			buildSettings = {
				ASSETCATALOG_COMPILER_APPICON_NAME = AppIcon;
				CLANG_ENABLE_MODULES = YES;
				DEVELOPMENT_TEAM = JW369YLHP8;
				FRAMEWORK_SEARCH_PATHS = (
					"$(inherited)",
					"$(PROJECT_DIR)",
				);
				INFOPLIST_FILE = TheTuneSquad/Info.plist;
				LD_RUNPATH_SEARCH_PATHS = "$(inherited) @executable_path/Frameworks";
				OTHER_LDFLAGS = "-ObjC";
				PRODUCT_BUNDLE_IDENTIFIER = com.alexcahn.TheTuneSquad;
				PRODUCT_NAME = "$(TARGET_NAME)";
				SWIFT_OBJC_BRIDGING_HEADER = "TheTuneSquad-Bridging-Header.h";
				SWIFT_OPTIMIZATION_LEVEL = "-Onone";
				SWIFT_VERSION = 3.0;
			};
			name = Debug;
		};
		BC92BEEF1EE72D2D00F06EDA /* Release */ = {
			isa = XCBuildConfiguration;
			buildSettings = {
				ASSETCATALOG_COMPILER_APPICON_NAME = AppIcon;
				CLANG_ENABLE_MODULES = YES;
				DEVELOPMENT_TEAM = JW369YLHP8;
				FRAMEWORK_SEARCH_PATHS = (
					"$(inherited)",
					"$(PROJECT_DIR)",
				);
				INFOPLIST_FILE = TheTuneSquad/Info.plist;
				LD_RUNPATH_SEARCH_PATHS = "$(inherited) @executable_path/Frameworks";
				OTHER_LDFLAGS = "-ObjC";
				PRODUCT_BUNDLE_IDENTIFIER = com.alexcahn.TheTuneSquad;
				PRODUCT_NAME = "$(TARGET_NAME)";
				SWIFT_OBJC_BRIDGING_HEADER = "TheTuneSquad-Bridging-Header.h";
				SWIFT_VERSION = 3.0;
			};
			name = Release;
		};
/* End XCBuildConfiguration section */

/* Begin XCConfigurationList section */
		BC92BED61EE72D2D00F06EDA /* Build configuration list for PBXProject "TheTuneSquad" */ = {
			isa = XCConfigurationList;
			buildConfigurations = (
				BC92BEEB1EE72D2D00F06EDA /* Debug */,
				BC92BEEC1EE72D2D00F06EDA /* Release */,
			);
			defaultConfigurationIsVisible = 0;
			defaultConfigurationName = Release;
		};
		BC92BEED1EE72D2D00F06EDA /* Build configuration list for PBXNativeTarget "TheTuneSquad" */ = {
			isa = XCConfigurationList;
			buildConfigurations = (
				BC92BEEE1EE72D2D00F06EDA /* Debug */,
				BC92BEEF1EE72D2D00F06EDA /* Release */,
			);
			defaultConfigurationIsVisible = 0;
			defaultConfigurationName = Release;
		};
/* End XCConfigurationList section */
	};
	rootObject = BC92BED31EE72D2D00F06EDA /* Project object */;
}
